// !$*UTF8*$!
{
	archiveVersion = 1;
	classes = {
	};
	objectVersion = 46;
	objects = {

/* Begin PBXBuildFile section */
		4600DC2E1DAEBDC500DB6090 /* iOSAuthLibrary.podspec in Resources */ = {isa = PBXBuildFile; fileRef = 4600DC2D1DAEBDC500DB6090 /* iOSAuthLibrary.podspec */; };
		46408CDC1DCA6FAF000715CD /* azure.plist in Resources */ = {isa = PBXBuildFile; fileRef = 46408CDB1DCA6FAF000715CD /* azure.plist */; };
		46408CDE1DCA7B21000715CD /* PList.swift in Sources */ = {isa = PBXBuildFile; fileRef = 46408CDD1DCA7B21000715CD /* PList.swift */; };
		4669101D1DAEBAFD00E0DB35 /* iOSAuthLibrary.h in Headers */ = {isa = PBXBuildFile; fileRef = 4669101C1DAEBAFD00E0DB35 /* iOSAuthLibrary.h */; settings = {ATTRIBUTES = (Public, ); }; };
		466910241DAEBAFD00E0DB35 /* iOSAuthLibrary.framework in Frameworks */ = {isa = PBXBuildFile; fileRef = 466910191DAEBAFD00E0DB35 /* iOSAuthLibrary.framework */; };
		466910291DAEBAFD00E0DB35 /* iOSAuthLibraryTests.swift in Sources */ = {isa = PBXBuildFile; fileRef = 466910281DAEBAFD00E0DB35 /* iOSAuthLibraryTests.swift */; };
		466910381DAEBB4900E0DB35 /* Login.storyboard in Resources */ = {isa = PBXBuildFile; fileRef = 466910371DAEBB4900E0DB35 /* Login.storyboard */; };
		CBB227911F0AAA90009C03E7 /* MSAL.framework in Frameworks */ = {isa = PBXBuildFile; fileRef = CBFD52521F03F3420093C7FC /* MSAL.framework */; };
		CBE0C2371F09FAF5009E5344 /* MSALAuthLibrary.swift in Sources */ = {isa = PBXBuildFile; fileRef = CBE0C2361F09FAF5009E5344 /* MSALAuthLibrary.swift */; };
		E176DAC71ED36F9A00C9E6D3 /* dev-tenant.plist in Resources */ = {isa = PBXBuildFile; fileRef = E176DAC61ED36F9A00C9E6D3 /* dev-tenant.plist */; };
		E176DAC91ED38A5900C9E6D3 /* test-tenant.plist in Resources */ = {isa = PBXBuildFile; fileRef = E176DAC81ED38A5900C9E6D3 /* test-tenant.plist */; };
		E176DACB1ED38A6500C9E6D3 /* stage-tenant.plist in Resources */ = {isa = PBXBuildFile; fileRef = E176DACA1ED38A6500C9E6D3 /* stage-tenant.plist */; };
		E176DACD1ED38A7500C9E6D3 /* prod-tenant.plist in Resources */ = {isa = PBXBuildFile; fileRef = E176DACC1ED38A7500C9E6D3 /* prod-tenant.plist */; };
		EB6404761DC7F58F008AFAC9 /* Cartfile in Resources */ = {isa = PBXBuildFile; fileRef = EB6404741DC7F58F008AFAC9 /* Cartfile */; };
		EB6404771DC7F58F008AFAC9 /* Cartfile.resolved in Resources */ = {isa = PBXBuildFile; fileRef = EB6404751DC7F58F008AFAC9 /* Cartfile.resolved */; };
/* End PBXBuildFile section */

/* Begin PBXContainerItemProxy section */
		466910251DAEBAFD00E0DB35 /* PBXContainerItemProxy */ = {
			isa = PBXContainerItemProxy;
			containerPortal = 466910101DAEBAFD00E0DB35 /* Project object */;
			proxyType = 1;
			remoteGlobalIDString = 466910181DAEBAFD00E0DB35;
			remoteInfo = iOSAuthLibrary;
		};
/* End PBXContainerItemProxy section */

/* Begin PBXFileReference section */
		4600DC2D1DAEBDC500DB6090 /* iOSAuthLibrary.podspec */ = {isa = PBXFileReference; fileEncoding = 4; lastKnownFileType = text; path = iOSAuthLibrary.podspec; sourceTree = "<group>"; };
		46408CDB1DCA6FAF000715CD /* azure.plist */ = {isa = PBXFileReference; fileEncoding = 4; lastKnownFileType = text.plist.xml; path = azure.plist; sourceTree = "<group>"; };
		46408CDD1DCA7B21000715CD /* PList.swift */ = {isa = PBXFileReference; fileEncoding = 4; lastKnownFileType = sourcecode.swift; path = PList.swift; sourceTree = "<group>"; };
		466910191DAEBAFD00E0DB35 /* iOSAuthLibrary.framework */ = {isa = PBXFileReference; explicitFileType = wrapper.framework; includeInIndex = 0; path = iOSAuthLibrary.framework; sourceTree = BUILT_PRODUCTS_DIR; };
		4669101C1DAEBAFD00E0DB35 /* iOSAuthLibrary.h */ = {isa = PBXFileReference; lastKnownFileType = sourcecode.c.h; path = iOSAuthLibrary.h; sourceTree = "<group>"; };
		4669101E1DAEBAFD00E0DB35 /* Info.plist */ = {isa = PBXFileReference; explicitFileType = text.plist.info; path = Info.plist; sourceTree = "<group>"; };
		466910231DAEBAFD00E0DB35 /* iOSAuthLibraryTests.xctest */ = {isa = PBXFileReference; explicitFileType = wrapper.cfbundle; includeInIndex = 0; path = iOSAuthLibraryTests.xctest; sourceTree = BUILT_PRODUCTS_DIR; };
		466910281DAEBAFD00E0DB35 /* iOSAuthLibraryTests.swift */ = {isa = PBXFileReference; lastKnownFileType = sourcecode.swift; path = iOSAuthLibraryTests.swift; sourceTree = "<group>"; };
		4669102A1DAEBAFD00E0DB35 /* Info.plist */ = {isa = PBXFileReference; lastKnownFileType = text.plist.xml; path = Info.plist; sourceTree = "<group>"; };
		466910371DAEBB4900E0DB35 /* Login.storyboard */ = {isa = PBXFileReference; fileEncoding = 4; lastKnownFileType = file.storyboard; path = Login.storyboard; sourceTree = "<group>"; };
		CBE0C2361F09FAF5009E5344 /* MSALAuthLibrary.swift */ = {isa = PBXFileReference; fileEncoding = 4; lastKnownFileType = sourcecode.swift; path = MSALAuthLibrary.swift; sourceTree = "<group>"; };
		CBFD52501F03F3320093C7FC /* 0B643A1F-6E89-3EFD-9A0F-607FB7C8BA4E.bcsymbolmap */ = {isa = PBXFileReference; lastKnownFileType = text; name = "0B643A1F-6E89-3EFD-9A0F-607FB7C8BA4E.bcsymbolmap"; path = "Carthage/Build/iOS/0B643A1F-6E89-3EFD-9A0F-607FB7C8BA4E.bcsymbolmap"; sourceTree = "<group>"; };
		CBFD52521F03F3420093C7FC /* MSAL.framework */ = {isa = PBXFileReference; lastKnownFileType = wrapper.framework; name = MSAL.framework; path = Carthage/Build/iOS/MSAL.framework; sourceTree = "<group>"; };
		E176DAC61ED36F9A00C9E6D3 /* dev-tenant.plist */ = {isa = PBXFileReference; fileEncoding = 4; lastKnownFileType = text.plist.xml; path = "dev-tenant.plist"; sourceTree = "<group>"; };
		E176DAC81ED38A5900C9E6D3 /* test-tenant.plist */ = {isa = PBXFileReference; fileEncoding = 4; lastKnownFileType = text.plist.xml; path = "test-tenant.plist"; sourceTree = "<group>"; };
		E176DACA1ED38A6500C9E6D3 /* stage-tenant.plist */ = {isa = PBXFileReference; fileEncoding = 4; lastKnownFileType = text.plist.xml; path = "stage-tenant.plist"; sourceTree = "<group>"; };
		E176DACC1ED38A7500C9E6D3 /* prod-tenant.plist */ = {isa = PBXFileReference; fileEncoding = 4; lastKnownFileType = text.plist.xml; path = "prod-tenant.plist"; sourceTree = "<group>"; };
		EB6404741DC7F58F008AFAC9 /* Cartfile */ = {isa = PBXFileReference; fileEncoding = 4; lastKnownFileType = text; path = Cartfile; sourceTree = "<group>"; };
		EB6404751DC7F58F008AFAC9 /* Cartfile.resolved */ = {isa = PBXFileReference; fileEncoding = 4; lastKnownFileType = text; path = Cartfile.resolved; sourceTree = "<group>"; };
/* End PBXFileReference section */

/* Begin PBXFrameworksBuildPhase section */
		466910151DAEBAFD00E0DB35 /* Frameworks */ = {
			isa = PBXFrameworksBuildPhase;
			buildActionMask = 2147483647;
			files = (
				CBB227911F0AAA90009C03E7 /* MSAL.framework in Frameworks */,
			);
			runOnlyForDeploymentPostprocessing = 0;
		};
		466910201DAEBAFD00E0DB35 /* Frameworks */ = {
			isa = PBXFrameworksBuildPhase;
			buildActionMask = 2147483647;
			files = (
				466910241DAEBAFD00E0DB35 /* iOSAuthLibrary.framework in Frameworks */,
			);
			runOnlyForDeploymentPostprocessing = 0;
		};
/* End PBXFrameworksBuildPhase section */

/* Begin PBXGroup section */
		460099A71DC245AA0015BA8E /* Frameworks */ = {
			isa = PBXGroup;
			children = (
				CBFD52521F03F3420093C7FC /* MSAL.framework */,
				CBFD52501F03F3320093C7FC /* 0B643A1F-6E89-3EFD-9A0F-607FB7C8BA4E.bcsymbolmap */,
			);
			name = Frameworks;
			sourceTree = "<group>";
		};
		4669100F1DAEBAFD00E0DB35 = {
			isa = PBXGroup;
			children = (
				EB6404741DC7F58F008AFAC9 /* Cartfile */,
				EB6404751DC7F58F008AFAC9 /* Cartfile.resolved */,
				4600DC2D1DAEBDC500DB6090 /* iOSAuthLibrary.podspec */,
				4669101B1DAEBAFD00E0DB35 /* iOSAuthLibrary */,
				466910271DAEBAFD00E0DB35 /* iOSAuthLibraryTests */,
				4669101A1DAEBAFD00E0DB35 /* Products */,
				460099A71DC245AA0015BA8E /* Frameworks */,
			);
			sourceTree = "<group>";
		};
		4669101A1DAEBAFD00E0DB35 /* Products */ = {
			isa = PBXGroup;
			children = (
				466910191DAEBAFD00E0DB35 /* iOSAuthLibrary.framework */,
				466910231DAEBAFD00E0DB35 /* iOSAuthLibraryTests.xctest */,
			);
			name = Products;
			sourceTree = "<group>";
		};
		4669101B1DAEBAFD00E0DB35 /* iOSAuthLibrary */ = {
			isa = PBXGroup;
			children = (
				46408CDB1DCA6FAF000715CD /* azure.plist */,
				E176DAC61ED36F9A00C9E6D3 /* dev-tenant.plist */,
				E176DAC81ED38A5900C9E6D3 /* test-tenant.plist */,
				E176DACA1ED38A6500C9E6D3 /* stage-tenant.plist */,
				E176DACC1ED38A7500C9E6D3 /* prod-tenant.plist */,
				CBE0C2361F09FAF5009E5344 /* MSALAuthLibrary.swift */,
				4669101E1DAEBAFD00E0DB35 /* Info.plist */,
				4669101C1DAEBAFD00E0DB35 /* iOSAuthLibrary.h */,
				466910371DAEBB4900E0DB35 /* Login.storyboard */,
				46408CDD1DCA7B21000715CD /* PList.swift */,
			);
			path = iOSAuthLibrary;
			sourceTree = "<group>";
		};
		466910271DAEBAFD00E0DB35 /* iOSAuthLibraryTests */ = {
			isa = PBXGroup;
			children = (
				466910281DAEBAFD00E0DB35 /* iOSAuthLibraryTests.swift */,
				4669102A1DAEBAFD00E0DB35 /* Info.plist */,
			);
			path = iOSAuthLibraryTests;
			sourceTree = "<group>";
		};
/* End PBXGroup section */

/* Begin PBXHeadersBuildPhase section */
		466910161DAEBAFD00E0DB35 /* Headers */ = {
			isa = PBXHeadersBuildPhase;
			buildActionMask = 2147483647;
			files = (
				4669101D1DAEBAFD00E0DB35 /* iOSAuthLibrary.h in Headers */,
			);
			runOnlyForDeploymentPostprocessing = 0;
		};
/* End PBXHeadersBuildPhase section */

/* Begin PBXNativeTarget section */
		466910181DAEBAFD00E0DB35 /* iOSAuthLibrary */ = {
			isa = PBXNativeTarget;
			buildConfigurationList = 4669102D1DAEBAFD00E0DB35 /* Build configuration list for PBXNativeTarget "iOSAuthLibrary" */;
			buildPhases = (
				466910141DAEBAFD00E0DB35 /* Sources */,
				466910151DAEBAFD00E0DB35 /* Frameworks */,
				466910161DAEBAFD00E0DB35 /* Headers */,
				466910171DAEBAFD00E0DB35 /* Resources */,
				460099AA1DC247520015BA8E /* ShellScript */,
			);
			buildRules = (
			);
			dependencies = (
			);
			name = iOSAuthLibrary;
			productName = iOSAuthLibrary;
			productReference = 466910191DAEBAFD00E0DB35 /* iOSAuthLibrary.framework */;
			productType = "com.apple.product-type.framework";
		};
		466910221DAEBAFD00E0DB35 /* iOSAuthLibraryTests */ = {
			isa = PBXNativeTarget;
			buildConfigurationList = 466910301DAEBAFD00E0DB35 /* Build configuration list for PBXNativeTarget "iOSAuthLibraryTests" */;
			buildPhases = (
				4669101F1DAEBAFD00E0DB35 /* Sources */,
				466910201DAEBAFD00E0DB35 /* Frameworks */,
				466910211DAEBAFD00E0DB35 /* Resources */,
				EBC513041DCA601F009ECD21 /* ShellScript */,
			);
			buildRules = (
			);
			dependencies = (
				466910261DAEBAFD00E0DB35 /* PBXTargetDependency */,
			);
			name = iOSAuthLibraryTests;
			productName = iOSAuthLibraryTests;
			productReference = 466910231DAEBAFD00E0DB35 /* iOSAuthLibraryTests.xctest */;
			productType = "com.apple.product-type.bundle.unit-test";
		};
/* End PBXNativeTarget section */

/* Begin PBXProject section */
		466910101DAEBAFD00E0DB35 /* Project object */ = {
			isa = PBXProject;
			attributes = {
				LastSwiftUpdateCheck = 0720;
				LastUpgradeCheck = 0800;
				ORGANIZATIONNAME = "Pariveda Solutions";
				TargetAttributes = {
					466910181DAEBAFD00E0DB35 = {
						CreatedOnToolsVersion = 7.2.1;
						LastSwiftMigration = 0800;
					};
					466910221DAEBAFD00E0DB35 = {
						CreatedOnToolsVersion = 7.2.1;
						LastSwiftMigration = 0800;
					};
				};
			};
			buildConfigurationList = 466910131DAEBAFD00E0DB35 /* Build configuration list for PBXProject "iOSAuthLibrary" */;
			compatibilityVersion = "Xcode 3.2";
			developmentRegion = English;
			hasScannedForEncodings = 0;
			knownRegions = (
				en,
			);
			mainGroup = 4669100F1DAEBAFD00E0DB35;
			productRefGroup = 4669101A1DAEBAFD00E0DB35 /* Products */;
			projectDirPath = "";
			projectRoot = "";
			targets = (
				466910181DAEBAFD00E0DB35 /* iOSAuthLibrary */,
				466910221DAEBAFD00E0DB35 /* iOSAuthLibraryTests */,
			);
		};
/* End PBXProject section */

/* Begin PBXResourcesBuildPhase section */
		466910171DAEBAFD00E0DB35 /* Resources */ = {
			isa = PBXResourcesBuildPhase;
			buildActionMask = 2147483647;
			files = (
				E176DACD1ED38A7500C9E6D3 /* prod-tenant.plist in Resources */,
				E176DAC71ED36F9A00C9E6D3 /* dev-tenant.plist in Resources */,
				EB6404761DC7F58F008AFAC9 /* Cartfile in Resources */,
				E176DAC91ED38A5900C9E6D3 /* test-tenant.plist in Resources */,
				EB6404771DC7F58F008AFAC9 /* Cartfile.resolved in Resources */,
				46408CDC1DCA6FAF000715CD /* azure.plist in Resources */,
				E176DACB1ED38A6500C9E6D3 /* stage-tenant.plist in Resources */,
				4600DC2E1DAEBDC500DB6090 /* iOSAuthLibrary.podspec in Resources */,
				466910381DAEBB4900E0DB35 /* Login.storyboard in Resources */,
			);
			runOnlyForDeploymentPostprocessing = 0;
		};
		466910211DAEBAFD00E0DB35 /* Resources */ = {
			isa = PBXResourcesBuildPhase;
			buildActionMask = 2147483647;
			files = (
			);
			runOnlyForDeploymentPostprocessing = 0;
		};
/* End PBXResourcesBuildPhase section */

/* Begin PBXShellScriptBuildPhase section */
		460099AA1DC247520015BA8E /* ShellScript */ = {
			isa = PBXShellScriptBuildPhase;
			buildActionMask = 12;
			files = (
			);
			inputPaths = (
				"$(SRCROOT)/Carthage/Build/iOS/MSAL.framework",
			);
			outputPaths = (
			);
			runOnlyForDeploymentPostprocessing = 0;
			shellPath = /bin/sh;
			shellScript = "/usr/local/bin/carthage copy-frameworks";
		};
		EBC513041DCA601F009ECD21 /* ShellScript */ = {
			isa = PBXShellScriptBuildPhase;
			buildActionMask = 2147483647;
			files = (
			);
			inputPaths = (
				"$(SRCROOT)/Carthage/Build/iOS/KeychainAccess.framework",
				"$(SRCROOT)/Carthage/Build/iOS/JWT.framework",
			);
			outputPaths = (
			);
			runOnlyForDeploymentPostprocessing = 0;
			shellPath = /bin/sh;
			shellScript = "/usr/local/bin/carthage copy-frameworks";
		};
/* End PBXShellScriptBuildPhase section */

/* Begin PBXSourcesBuildPhase section */
		466910141DAEBAFD00E0DB35 /* Sources */ = {
			isa = PBXSourcesBuildPhase;
			buildActionMask = 2147483647;
			files = (
				CBE0C2371F09FAF5009E5344 /* MSALAuthLibrary.swift in Sources */,
				46408CDE1DCA7B21000715CD /* PList.swift in Sources */,
			);
			runOnlyForDeploymentPostprocessing = 0;
		};
		4669101F1DAEBAFD00E0DB35 /* Sources */ = {
			isa = PBXSourcesBuildPhase;
			buildActionMask = 2147483647;
			files = (
				466910291DAEBAFD00E0DB35 /* iOSAuthLibraryTests.swift in Sources */,
			);
			runOnlyForDeploymentPostprocessing = 0;
		};
/* End PBXSourcesBuildPhase section */

/* Begin PBXTargetDependency section */
		466910261DAEBAFD00E0DB35 /* PBXTargetDependency */ = {
			isa = PBXTargetDependency;
			target = 466910181DAEBAFD00E0DB35 /* iOSAuthLibrary */;
			targetProxy = 466910251DAEBAFD00E0DB35 /* PBXContainerItemProxy */;
		};
/* End PBXTargetDependency section */

/* Begin XCBuildConfiguration section */
		4669102B1DAEBAFD00E0DB35 /* Debug */ = {
			isa = XCBuildConfiguration;
			buildSettings = {
				ALWAYS_SEARCH_USER_PATHS = NO;
				CLANG_CXX_LANGUAGE_STANDARD = "gnu++0x";
				CLANG_CXX_LIBRARY = "libc++";
				CLANG_ENABLE_MODULES = YES;
				CLANG_ENABLE_OBJC_ARC = YES;
				CLANG_WARN_BOOL_CONVERSION = YES;
				CLANG_WARN_CONSTANT_CONVERSION = YES;
				CLANG_WARN_DIRECT_OBJC_ISA_USAGE = YES_ERROR;
				CLANG_WARN_EMPTY_BODY = YES;
				CLANG_WARN_ENUM_CONVERSION = YES;
				CLANG_WARN_INFINITE_RECURSION = YES;
				CLANG_WARN_INT_CONVERSION = YES;
				CLANG_WARN_OBJC_ROOT_CLASS = YES_ERROR;
				CLANG_WARN_SUSPICIOUS_MOVE = YES;
				CLANG_WARN_UNREACHABLE_CODE = YES;
				CLANG_WARN__DUPLICATE_METHOD_MATCH = YES;
				"CODE_SIGN_IDENTITY[sdk=iphoneos*]" = "iPhone Developer";
				COPY_PHASE_STRIP = NO;
				CURRENT_PROJECT_VERSION = 1;
				DEBUG_INFORMATION_FORMAT = dwarf;
				ENABLE_STRICT_OBJC_MSGSEND = YES;
				ENABLE_TESTABILITY = YES;
				GCC_C_LANGUAGE_STANDARD = gnu99;
				GCC_DYNAMIC_NO_PIC = NO;
				GCC_NO_COMMON_BLOCKS = YES;
				GCC_OPTIMIZATION_LEVEL = 0;
				GCC_PREPROCESSOR_DEFINITIONS = (
					"DEBUG=1",
					"$(inherited)",
				);
				GCC_WARN_64_TO_32_BIT_CONVERSION = YES;
				GCC_WARN_ABOUT_RETURN_TYPE = YES_ERROR;
				GCC_WARN_UNDECLARED_SELECTOR = YES;
				GCC_WARN_UNINITIALIZED_AUTOS = YES_AGGRESSIVE;
				GCC_WARN_UNUSED_FUNCTION = YES;
				GCC_WARN_UNUSED_VARIABLE = YES;
				IPHONEOS_DEPLOYMENT_TARGET = 9.2;
				MTL_ENABLE_DEBUG_INFO = YES;
				ONLY_ACTIVE_ARCH = YES;
				SDKROOT = iphoneos;
				SWIFT_OPTIMIZATION_LEVEL = "-Onone";
				TARGETED_DEVICE_FAMILY = "1,2";
				VERSIONING_SYSTEM = "apple-generic";
				VERSION_INFO_PREFIX = "";
			};
			name = Debug;
		};
		4669102C1DAEBAFD00E0DB35 /* Release */ = {
			isa = XCBuildConfiguration;
			buildSettings = {
				ALWAYS_SEARCH_USER_PATHS = NO;
				CLANG_CXX_LANGUAGE_STANDARD = "gnu++0x";
				CLANG_CXX_LIBRARY = "libc++";
				CLANG_ENABLE_MODULES = YES;
				CLANG_ENABLE_OBJC_ARC = YES;
				CLANG_WARN_BOOL_CONVERSION = YES;
				CLANG_WARN_CONSTANT_CONVERSION = YES;
				CLANG_WARN_DIRECT_OBJC_ISA_USAGE = YES_ERROR;
				CLANG_WARN_EMPTY_BODY = YES;
				CLANG_WARN_ENUM_CONVERSION = YES;
				CLANG_WARN_INFINITE_RECURSION = YES;
				CLANG_WARN_INT_CONVERSION = YES;
				CLANG_WARN_OBJC_ROOT_CLASS = YES_ERROR;
				CLANG_WARN_SUSPICIOUS_MOVE = YES;
				CLANG_WARN_UNREACHABLE_CODE = YES;
				CLANG_WARN__DUPLICATE_METHOD_MATCH = YES;
				"CODE_SIGN_IDENTITY[sdk=iphoneos*]" = "iPhone Developer";
				COPY_PHASE_STRIP = NO;
				CURRENT_PROJECT_VERSION = 1;
				DEBUG_INFORMATION_FORMAT = "dwarf-with-dsym";
				ENABLE_NS_ASSERTIONS = NO;
				ENABLE_STRICT_OBJC_MSGSEND = YES;
				GCC_C_LANGUAGE_STANDARD = gnu99;
				GCC_NO_COMMON_BLOCKS = YES;
				GCC_WARN_64_TO_32_BIT_CONVERSION = YES;
				GCC_WARN_ABOUT_RETURN_TYPE = YES_ERROR;
				GCC_WARN_UNDECLARED_SELECTOR = YES;
				GCC_WARN_UNINITIALIZED_AUTOS = YES_AGGRESSIVE;
				GCC_WARN_UNUSED_FUNCTION = YES;
				GCC_WARN_UNUSED_VARIABLE = YES;
				IPHONEOS_DEPLOYMENT_TARGET = 9.2;
				MTL_ENABLE_DEBUG_INFO = NO;
				SDKROOT = iphoneos;
				SWIFT_OPTIMIZATION_LEVEL = "-Owholemodule";
				TARGETED_DEVICE_FAMILY = "1,2";
				VALIDATE_PRODUCT = YES;
				VERSIONING_SYSTEM = "apple-generic";
				VERSION_INFO_PREFIX = "";
			};
			name = Release;
		};
		4669102E1DAEBAFD00E0DB35 /* Debug */ = {
			isa = XCBuildConfiguration;
			buildSettings = {
				CLANG_ENABLE_MODULES = YES;
				"CODE_SIGN_IDENTITY[sdk=iphoneos*]" = "";
				DEFINES_MODULE = YES;
				DYLIB_COMPATIBILITY_VERSION = 1;
				DYLIB_CURRENT_VERSION = 1;
				DYLIB_INSTALL_NAME_BASE = "@rpath";
				FRAMEWORK_SEARCH_PATHS = (
					"$(inherited)",
					"$(PROJECT_DIR)/Carthage/Build/iOS",
				);
				INFOPLIST_FILE = iOSAuthLibrary/Info.plist;
				INSTALL_PATH = "$(LOCAL_LIBRARY_DIR)/Frameworks";
				LD_RUNPATH_SEARCH_PATHS = "$(inherited) @executable_path/Frameworks @loader_path/Frameworks";
				PRODUCT_BUNDLE_IDENTIFIER = com.parivedasolutions.iOSAuthLibrary;
				PRODUCT_NAME = "$(TARGET_NAME)";
				SKIP_INSTALL = YES;
				SWIFT_OPTIMIZATION_LEVEL = "-Onone";
				SWIFT_VERSION = 3.0;
			};
			name = Debug;
		};
		4669102F1DAEBAFD00E0DB35 /* Release */ = {
			isa = XCBuildConfiguration;
			buildSettings = {
				CLANG_ENABLE_MODULES = YES;
				"CODE_SIGN_IDENTITY[sdk=iphoneos*]" = "";
				DEFINES_MODULE = YES;
				DYLIB_COMPATIBILITY_VERSION = 1;
				DYLIB_CURRENT_VERSION = 1;
				DYLIB_INSTALL_NAME_BASE = "@rpath";
				FRAMEWORK_SEARCH_PATHS = (
					"$(inherited)",
					"$(PROJECT_DIR)/Carthage/Build/iOS",
				);
				INFOPLIST_FILE = iOSAuthLibrary/Info.plist;
				INSTALL_PATH = "$(LOCAL_LIBRARY_DIR)/Frameworks";
				LD_RUNPATH_SEARCH_PATHS = "$(inherited) @executable_path/Frameworks @loader_path/Frameworks";
				PRODUCT_BUNDLE_IDENTIFIER = com.parivedasolutions.iOSAuthLibrary;
				PRODUCT_NAME = "$(TARGET_NAME)";
				SKIP_INSTALL = YES;
				SWIFT_VERSION = 3.0;
			};
			name = Release;
		};
		466910311DAEBAFD00E0DB35 /* Debug */ = {
			isa = XCBuildConfiguration;
			buildSettings = {
				INFOPLIST_FILE = iOSAuthLibraryTests/Info.plist;
				LD_RUNPATH_SEARCH_PATHS = "$(inherited) @executable_path/Frameworks @loader_path/Frameworks";
				PRODUCT_BUNDLE_IDENTIFIER = com.parivedasolutions.iOSAuthLibraryTests;
				PRODUCT_NAME = "$(TARGET_NAME)";
				SWIFT_VERSION = 3.0;
			};
			name = Debug;
		};
		466910321DAEBAFD00E0DB35 /* Release */ = {
			isa = XCBuildConfiguration;
			buildSettings = {
				INFOPLIST_FILE = iOSAuthLibraryTests/Info.plist;
				LD_RUNPATH_SEARCH_PATHS = "$(inherited) @executable_path/Frameworks @loader_path/Frameworks";
				PRODUCT_BUNDLE_IDENTIFIER = com.parivedasolutions.iOSAuthLibraryTests;
				PRODUCT_NAME = "$(TARGET_NAME)";
				SWIFT_VERSION = 3.0;
			};
			name = Release;
		};
/* End XCBuildConfiguration section */

/* Begin XCConfigurationList section */
		466910131DAEBAFD00E0DB35 /* Build configuration list for PBXProject "iOSAuthLibrary" */ = {
			isa = XCConfigurationList;
			buildConfigurations = (
				4669102B1DAEBAFD00E0DB35 /* Debug */,
				4669102C1DAEBAFD00E0DB35 /* Release */,
			);
			defaultConfigurationIsVisible = 0;
			defaultConfigurationName = Release;
		};
		4669102D1DAEBAFD00E0DB35 /* Build configuration list for PBXNativeTarget "iOSAuthLibrary" */ = {
			isa = XCConfigurationList;
			buildConfigurations = (
				4669102E1DAEBAFD00E0DB35 /* Debug */,
				4669102F1DAEBAFD00E0DB35 /* Release */,
			);
			defaultConfigurationIsVisible = 0;
			defaultConfigurationName = Release;
		};
		466910301DAEBAFD00E0DB35 /* Build configuration list for PBXNativeTarget "iOSAuthLibraryTests" */ = {
			isa = XCConfigurationList;
			buildConfigurations = (
				466910311DAEBAFD00E0DB35 /* Debug */,
				466910321DAEBAFD00E0DB35 /* Release */,
			);
			defaultConfigurationIsVisible = 0;
			defaultConfigurationName = Release;
		};
/* End XCConfigurationList section */
	};
	rootObject = 466910101DAEBAFD00E0DB35 /* Project object */;
}
